// !$*UTF8*$!
{
	archiveVersion = 1;
	classes = {
	};
	objectVersion = 46;
	objects = {

/* Begin PBXBuildFile section */
		18621BE31B68BA21007E1E2F /* UIScrollView+EmptyDataSet.m in Sources */ = {isa = PBXBuildFile; fileRef = 18621BDF1B68BA21007E1E2F /* UIScrollView+EmptyDataSet.m */; };
		18621BE41B68BA21007E1E2F /* wj_empty_default.png in Resources */ = {isa = PBXBuildFile; fileRef = 18621BE01B68BA21007E1E2F /* wj_empty_default.png */; };
		18621BE51B68BA21007E1E2F /* WJBaseTableView.m in Sources */ = {isa = PBXBuildFile; fileRef = 18621BE21B68BA21007E1E2F /* WJBaseTableView.m */; };
		189A365F1B68A7AD0018A936 /* main.m in Sources */ = {isa = PBXBuildFile; fileRef = 189A365E1B68A7AD0018A936 /* main.m */; };
		189A36621B68A7AD0018A936 /* AppDelegate.m in Sources */ = {isa = PBXBuildFile; fileRef = 189A36611B68A7AD0018A936 /* AppDelegate.m */; };
		189A36651B68A7AD0018A936 /* ViewController.m in Sources */ = {isa = PBXBuildFile; fileRef = 189A36641B68A7AD0018A936 /* ViewController.m */; };
		189A36681B68A7AD0018A936 /* Main.storyboard in Resources */ = {isa = PBXBuildFile; fileRef = 189A36661B68A7AD0018A936 /* Main.storyboard */; };
		189A366A1B68A7AD0018A936 /* Images.xcassets in Resources */ = {isa = PBXBuildFile; fileRef = 189A36691B68A7AD0018A936 /* Images.xcassets */; };
		189A366D1B68A7AD0018A936 /* LaunchScreen.xib in Resources */ = {isa = PBXBuildFile; fileRef = 189A366B1B68A7AD0018A936 /* LaunchScreen.xib */; };
		189A36791B68A7AD0018A936 /* testAATests.m in Sources */ = {isa = PBXBuildFile; fileRef = 189A36781B68A7AD0018A936 /* testAATests.m */; };
/* End PBXBuildFile section */

/* Begin PBXContainerItemProxy section */
		189A36731B68A7AD0018A936 /* PBXContainerItemProxy */ = {
			isa = PBXContainerItemProxy;
			containerPortal = 189A36511B68A7AD0018A936 /* Project object */;
			proxyType = 1;
			remoteGlobalIDString = 189A36581B68A7AD0018A936;
			remoteInfo = testAA;
		};
/* End PBXContainerItemProxy section */

/* Begin PBXFileReference section */
		18621BDE1B68BA21007E1E2F /* UIScrollView+EmptyDataSet.h */ = {isa = PBXFileReference; fileEncoding = 4; lastKnownFileType = sourcecode.c.h; path = "UIScrollView+EmptyDataSet.h"; sourceTree = "<group>"; };
		18621BDF1B68BA21007E1E2F /* UIScrollView+EmptyDataSet.m */ = {isa = PBXFileReference; fileEncoding = 4; lastKnownFileType = sourcecode.c.objc; path = "UIScrollView+EmptyDataSet.m"; sourceTree = "<group>"; };
		18621BE01B68BA21007E1E2F /* wj_empty_default.png */ = {isa = PBXFileReference; lastKnownFileType = image.png; path = wj_empty_default.png; sourceTree = "<group>"; };
		18621BE11B68BA21007E1E2F /* WJBaseTableView.h */ = {isa = PBXFileReference; fileEncoding = 4; lastKnownFileType = sourcecode.c.h; path = WJBaseTableView.h; sourceTree = "<group>"; };
		18621BE21B68BA21007E1E2F /* WJBaseTableView.m */ = {isa = PBXFileReference; fileEncoding = 4; lastKnownFileType = sourcecode.c.objc; path = WJBaseTableView.m; sourceTree = "<group>"; };
		189A36591B68A7AD0018A936 /* testAA.app */ = {isa = PBXFileReference; explicitFileType = wrapper.application; includeInIndex = 0; path = testAA.app; sourceTree = BUILT_PRODUCTS_DIR; };
		189A365D1B68A7AD0018A936 /* Info.plist */ = {isa = PBXFileReference; lastKnownFileType = text.plist.xml; path = Info.plist; sourceTree = "<group>"; };
		189A365E1B68A7AD0018A936 /* main.m */ = {isa = PBXFileReference; lastKnownFileType = sourcecode.c.objc; path = main.m; sourceTree = "<group>"; };
		189A36601B68A7AD0018A936 /* AppDelegate.h */ = {isa = PBXFileReference; lastKnownFileType = sourcecode.c.h; path = AppDelegate.h; sourceTree = "<group>"; };
		189A36611B68A7AD0018A936 /* AppDelegate.m */ = {isa = PBXFileReference; lastKnownFileType = sourcecode.c.objc; path = AppDelegate.m; sourceTree = "<group>"; };
		189A36631B68A7AD0018A936 /* ViewController.h */ = {isa = PBXFileReference; lastKnownFileType = sourcecode.c.h; path = ViewController.h; sourceTree = "<group>"; };
		189A36641B68A7AD0018A936 /* ViewController.m */ = {isa = PBXFileReference; lastKnownFileType = sourcecode.c.objc; path = ViewController.m; sourceTree = "<group>"; };
		189A36671B68A7AD0018A936 /* Base */ = {isa = PBXFileReference; lastKnownFileType = file.storyboard; name = Base; path = Base.lproj/Main.storyboard; sourceTree = "<group>"; };
		189A36691B68A7AD0018A936 /* Images.xcassets */ = {isa = PBXFileReference; lastKnownFileType = folder.assetcatalog; path = Images.xcassets; sourceTree = "<group>"; };
		189A366C1B68A7AD0018A936 /* Base */ = {isa = PBXFileReference; lastKnownFileType = file.xib; name = Base; path = Base.lproj/LaunchScreen.xib; sourceTree = "<group>"; };
		189A36721B68A7AD0018A936 /* testAATests.xctest */ = {isa = PBXFileReference; explicitFileType = wrapper.cfbundle; includeInIndex = 0; path = testAATests.xctest; sourceTree = BUILT_PRODUCTS_DIR; };
		189A36771B68A7AD0018A936 /* Info.plist */ = {isa = PBXFileReference; lastKnownFileType = text.plist.xml; path = Info.plist; sourceTree = "<group>"; };
		189A36781B68A7AD0018A936 /* testAATests.m */ = {isa = PBXFileReference; lastKnownFileType = sourcecode.c.objc; path = testAATests.m; sourceTree = "<group>"; };
/* End PBXFileReference section */

/* Begin PBXFrameworksBuildPhase section */
		189A36561B68A7AD0018A936 /* Frameworks */ = {
			isa = PBXFrameworksBuildPhase;
			buildActionMask = 2147483647;
			files = (
			);
			runOnlyForDeploymentPostprocessing = 0;
		};
		189A366F1B68A7AD0018A936 /* Frameworks */ = {
			isa = PBXFrameworksBuildPhase;
			buildActionMask = 2147483647;
			files = (
			);
			runOnlyForDeploymentPostprocessing = 0;
		};
/* End PBXFrameworksBuildPhase section */

/* Begin PBXGroup section */
		18621BDD1B68BA21007E1E2F /* WJ_UITableVIew_Empty */ = {
			isa = PBXGroup;
			children = (
				18621BDE1B68BA21007E1E2F /* UIScrollView+EmptyDataSet.h */,
				18621BDF1B68BA21007E1E2F /* UIScrollView+EmptyDataSet.m */,
				18621BE01B68BA21007E1E2F /* wj_empty_default.png */,
				18621BE11B68BA21007E1E2F /* WJBaseTableView.h */,
				18621BE21B68BA21007E1E2F /* WJBaseTableView.m */,
			);
			path = WJ_UITableVIew_Empty;
			sourceTree = "<group>";
		};
		189A36501B68A7AD0018A936 = {
			isa = PBXGroup;
			children = (
				189A365B1B68A7AD0018A936 /* testAA */,
				189A36751B68A7AD0018A936 /* testAATests */,
				189A365A1B68A7AD0018A936 /* Products */,
			);
			sourceTree = "<group>";
		};
		189A365A1B68A7AD0018A936 /* Products */ = {
			isa = PBXGroup;
			children = (
				189A36591B68A7AD0018A936 /* testAA.app */,
				189A36721B68A7AD0018A936 /* testAATests.xctest */,
			);
			name = Products;
			sourceTree = "<group>";
		};
		189A365B1B68A7AD0018A936 /* testAA */ = {
			isa = PBXGroup;
			children = (
				18621BDD1B68BA21007E1E2F /* WJ_UITableVIew_Empty */,
				189A36601B68A7AD0018A936 /* AppDelegate.h */,
				189A36611B68A7AD0018A936 /* AppDelegate.m */,
				189A36631B68A7AD0018A936 /* ViewController.h */,
				189A36641B68A7AD0018A936 /* ViewController.m */,
				189A36661B68A7AD0018A936 /* Main.storyboard */,
				189A36691B68A7AD0018A936 /* Images.xcassets */,
				189A366B1B68A7AD0018A936 /* LaunchScreen.xib */,
				189A365C1B68A7AD0018A936 /* Supporting Files */,
			);
			path = testAA;
			sourceTree = "<group>";
		};
		189A365C1B68A7AD0018A936 /* Supporting Files */ = {
			isa = PBXGroup;
			children = (
				189A365D1B68A7AD0018A936 /* Info.plist */,
				189A365E1B68A7AD0018A936 /* main.m */,
			);
			name = "Supporting Files";
			sourceTree = "<group>";
		};
		189A36751B68A7AD0018A936 /* testAATests */ = {
			isa = PBXGroup;
			children = (
				189A36781B68A7AD0018A936 /* testAATests.m */,
				189A36761B68A7AD0018A936 /* Supporting Files */,
			);
			path = testAATests;
			sourceTree = "<group>";
		};
		189A36761B68A7AD0018A936 /* Supporting Files */ = {
			isa = PBXGroup;
			children = (
				189A36771B68A7AD0018A936 /* Info.plist */,
			);
			name = "Supporting Files";
			sourceTree = "<group>";
		};
/* End PBXGroup section */

/* Begin PBXNativeTarget section */
		189A36581B68A7AD0018A936 /* testAA */ = {
			isa = PBXNativeTarget;
			buildConfigurationList = 189A367C1B68A7AD0018A936 /* Build configuration list for PBXNativeTarget "testAA" */;
			buildPhases = (
				189A36551B68A7AD0018A936 /* Sources */,
				189A36561B68A7AD0018A936 /* Frameworks */,
				189A36571B68A7AD0018A936 /* Resources */,
			);
			buildRules = (
			);
			dependencies = (
			);
			name = testAA;
			productName = testAA;
			productReference = 189A36591B68A7AD0018A936 /* testAA.app */;
			productType = "com.apple.product-type.application";
		};
		189A36711B68A7AD0018A936 /* testAATests */ = {
			isa = PBXNativeTarget;
			buildConfigurationList = 189A367F1B68A7AD0018A936 /* Build configuration list for PBXNativeTarget "testAATests" */;
			buildPhases = (
				189A366E1B68A7AD0018A936 /* Sources */,
				189A366F1B68A7AD0018A936 /* Frameworks */,
				189A36701B68A7AD0018A936 /* Resources */,
			);
			buildRules = (
			);
			dependencies = (
				189A36741B68A7AD0018A936 /* PBXTargetDependency */,
			);
			name = testAATests;
			productName = testAATests;
			productReference = 189A36721B68A7AD0018A936 /* testAATests.xctest */;
			productType = "com.apple.product-type.bundle.unit-test";
		};
/* End PBXNativeTarget section */

/* Begin PBXProject section */
		189A36511B68A7AD0018A936 /* Project object */ = {
			isa = PBXProject;
			attributes = {
				LastUpgradeCheck = 0640;
				ORGANIZATIONNAME = tqh;
				TargetAttributes = {
					189A36581B68A7AD0018A936 = {
						CreatedOnToolsVersion = 6.4;
					};
					189A36711B68A7AD0018A936 = {
						CreatedOnToolsVersion = 6.4;
						TestTargetID = 189A36581B68A7AD0018A936;
					};
				};
			};
			buildConfigurationList = 189A36541B68A7AD0018A936 /* Build configuration list for PBXProject "testAA" */;
			compatibilityVersion = "Xcode 3.2";
			developmentRegion = English;
			hasScannedForEncodings = 0;
			knownRegions = (
				en,
				Base,
			);
			mainGroup = 189A36501B68A7AD0018A936;
			productRefGroup = 189A365A1B68A7AD0018A936 /* Products */;
			projectDirPath = "";
			projectRoot = "";
			targets = (
				189A36581B68A7AD0018A936 /* testAA */,
				189A36711B68A7AD0018A936 /* testAATests */,
			);
		};
/* End PBXProject section */

/* Begin PBXResourcesBuildPhase section */
		189A36571B68A7AD0018A936 /* Resources */ = {
			isa = PBXResourcesBuildPhase;
			buildActionMask = 2147483647;
			files = (
				189A36681B68A7AD0018A936 /* Main.storyboard in Resources */,
				189A366D1B68A7AD0018A936 /* LaunchScreen.xib in Resources */,
				18621BE41B68BA21007E1E2F /* wj_empty_default.png in Resources */,
				189A366A1B68A7AD0018A936 /* Images.xcassets in Resources */,
			);
			runOnlyForDeploymentPostprocessing = 0;
		};
		189A36701B68A7AD0018A936 /* Resources */ = {
			isa = PBXResourcesBuildPhase;
			buildActionMask = 2147483647;
			files = (
			);
			runOnlyForDeploymentPostprocessing = 0;
		};
/* End PBXResourcesBuildPhase section */

/* Begin PBXSourcesBuildPhase section */
		189A36551B68A7AD0018A936 /* Sources */ = {
			isa = PBXSourcesBuildPhase;
			buildActionMask = 2147483647;
			files = (
				189A36651B68A7AD0018A936 /* ViewController.m in Sources */,
				189A36621B68A7AD0018A936 /* AppDelegate.m in Sources */,
				18621BE31B68BA21007E1E2F /* UIScrollView+EmptyDataSet.m in Sources */,
				189A365F1B68A7AD0018A936 /* main.m in Sources */,
				18621BE51B68BA21007E1E2F /* WJBaseTableView.m in Sources */,
			);
			runOnlyForDeploymentPostprocessing = 0;
		};
		189A366E1B68A7AD0018A936 /* Sources */ = {
			isa = PBXSourcesBuildPhase;
			buildActionMask = 2147483647;
			files = (
				189A36791B68A7AD0018A936 /* testAATests.m in Sources */,
			);
			runOnlyForDeploymentPostprocessing = 0;
		};
/* End PBXSourcesBuildPhase section */

/* Begin PBXTargetDependency section */
		189A36741B68A7AD0018A936 /* PBXTargetDependency */ = {
			isa = PBXTargetDependency;
			target = 189A36581B68A7AD0018A936 /* testAA */;
			targetProxy = 189A36731B68A7AD0018A936 /* PBXContainerItemProxy */;
		};
/* End PBXTargetDependency section */

/* Begin PBXVariantGroup section */
		189A36661B68A7AD0018A936 /* Main.storyboard */ = {
			isa = PBXVariantGroup;
			children = (
				189A36671B68A7AD0018A936 /* Base */,
			);
			name = Main.storyboard;
			sourceTree = "<group>";
		};
		189A366B1B68A7AD0018A936 /* LaunchScreen.xib */ = {
			isa = PBXVariantGroup;
			children = (
				189A366C1B68A7AD0018A936 /* Base */,
			);
			name = LaunchScreen.xib;
			sourceTree = "<group>";
		};
/* End PBXVariantGroup section */

/* Begin XCBuildConfiguration section */
		189A367A1B68A7AD0018A936 /* Debug */ = {
			isa = XCBuildConfiguration;
			buildSettings = {
				ALWAYS_SEARCH_USER_PATHS = NO;
				CLANG_CXX_LANGUAGE_STANDARD = "gnu++0x";
				CLANG_CXX_LIBRARY = "libc++";
				CLANG_ENABLE_MODULES = YES;
				CLANG_ENABLE_OBJC_ARC = YES;
				CLANG_WARN_BOOL_CONVERSION = YES;
				CLANG_WARN_CONSTANT_CONVERSION = YES;
				CLANG_WARN_DIRECT_OBJC_ISA_USAGE = YES_ERROR;
				CLANG_WARN_EMPTY_BODY = YES;
				CLANG_WARN_ENUM_CONVERSION = YES;
				CLANG_WARN_INT_CONVERSION = YES;
				CLANG_WARN_OBJC_ROOT_CLASS = YES_ERROR;
				CLANG_WARN_UNREACHABLE_CODE = YES;
				CLANG_WARN__DUPLICATE_METHOD_MATCH = YES;
				"CODE_SIGN_IDENTITY[sdk=iphoneos*]" = "iPhone Developer";
				COPY_PHASE_STRIP = NO;
				DEBUG_INFORMATION_FORMAT = "dwarf-with-dsym";
				ENABLE_STRICT_OBJC_MSGSEND = YES;
				GCC_C_LANGUAGE_STANDARD = gnu99;
				GCC_DYNAMIC_NO_PIC = NO;
				GCC_NO_COMMON_BLOCKS = YES;
				GCC_OPTIMIZATION_LEVEL = 0;
				GCC_PREPROCESSOR_DEFINITIONS = (
					"DEBUG=1",
					"$(inherited)",
				);
				GCC_SYMBOLS_PRIVATE_EXTERN = NO;
				GCC_WARN_64_TO_32_BIT_CONVERSION = YES;
				GCC_WARN_ABOUT_RETURN_TYPE = YES_ERROR;
				GCC_WARN_UNDECLARED_SELECTOR = YES;
				GCC_WARN_UNINITIALIZED_AUTOS = YES_AGGRESSIVE;
				GCC_WARN_UNUSED_FUNCTION = YES;
				GCC_WARN_UNUSED_VARIABLE = YES;
				IPHONEOS_DEPLOYMENT_TARGET = 8.4;
				MTL_ENABLE_DEBUG_INFO = YES;
				ONLY_ACTIVE_ARCH = YES;
				SDKROOT = iphoneos;
			};
			name = Debug;
		};
		189A367B1B68A7AD0018A936 /* Release */ = {
			isa = XCBuildConfiguration;
			buildSettings = {
				ALWAYS_SEARCH_USER_PATHS = NO;
				CLANG_CXX_LANGUAGE_STANDARD = "gnu++0x";
				CLANG_CXX_LIBRARY = "libc++";
				CLANG_ENABLE_MODULES = YES;
				CLANG_ENABLE_OBJC_ARC = YES;
				CLANG_WARN_BOOL_CONVERSION = YES;
				CLANG_WARN_CONSTANT_CONVERSION = YES;
				CLANG_WARN_DIRECT_OBJC_ISA_USAGE = YES_ERROR;
				CLANG_WARN_EMPTY_BODY = YES;
				CLANG_WARN_ENUM_CONVERSION = YES;
				CLANG_WARN_INT_CONVERSION = YES;
				CLANG_WARN_OBJC_ROOT_CLASS = YES_ERROR;
				CLANG_WARN_UNREACHABLE_CODE = YES;
				CLANG_WARN__DUPLICATE_METHOD_MATCH = YES;
				"CODE_SIGN_IDENTITY[sdk=iphoneos*]" = "iPhone Developer";
				COPY_PHASE_STRIP = NO;
				DEBUG_INFORMATION_FORMAT = "dwarf-with-dsym";
				ENABLE_NS_ASSERTIONS = NO;
				ENABLE_STRICT_OBJC_MSGSEND = YES;
				GCC_C_LANGUAGE_STANDARD = gnu99;
				GCC_NO_COMMON_BLOCKS = YES;
				GCC_WARN_64_TO_32_BIT_CONVERSION = YES;
				GCC_WARN_ABOUT_RETURN_TYPE = YES_ERROR;
				GCC_WARN_UNDECLARED_SELECTOR = YES;
				GCC_WARN_UNINITIALIZED_AUTOS = YES_AGGRESSIVE;
				GCC_WARN_UNUSED_FUNCTION = YES;
				GCC_WARN_UNUSED_VARIABLE = YES;
				IPHONEOS_DEPLOYMENT_TARGET = 8.4;
				MTL_ENABLE_DEBUG_INFO = NO;
				SDKROOT = iphoneos;
				VALIDATE_PRODUCT = YES;
			};
			name = Release;
		};
		189A367D1B68A7AD0018A936 /* Debug */ = {
			isa = XCBuildConfiguration;
			buildSettings = {
				ASSETCATALOG_COMPILER_APPICON_NAME = AppIcon;
				INFOPLIST_FILE = testAA/Info.plist;
				LD_RUNPATH_SEARCH_PATHS = "$(inherited) @executable_path/Frameworks";
				PRODUCT_NAME = "$(TARGET_NAME)";
			};
			name = Debug;
		};
		189A367E1B68A7AD0018A936 /* Release */ = {
			isa = XCBuildConfiguration;
			buildSettings = {
				ASSETCATALOG_COMPILER_APPICON_NAME = AppIcon;
				INFOPLIST_FILE = testAA/Info.plist;
				LD_RUNPATH_SEARCH_PATHS = "$(inherited) @executable_path/Frameworks";
				PRODUCT_NAME = "$(TARGET_NAME)";
			};
			name = Release;
		};
		189A36801B68A7AD0018A936 /* Debug */ = {
			isa = XCBuildConfiguration;
			buildSettings = {
				BUNDLE_LOADER = "$(TEST_HOST)";
				FRAMEWORK_SEARCH_PATHS = (
					"$(SDKROOT)/Developer/Library/Frameworks",
					"$(inherited)",
				);
				GCC_PREPROCESSOR_DEFINITIONS = (
					"DEBUG=1",
					"$(inherited)",
				);
				INFOPLIST_FILE = testAATests/Info.plist;
				LD_RUNPATH_SEARCH_PATHS = "$(inherited) @executable_path/Frameworks @loader_path/Frameworks";
				PRODUCT_NAME = "$(TARGET_NAME)";
				TEST_HOST = "$(BUILT_PRODUCTS_DIR)/testAA.app/testAA";
			};
			name = Debug;
		};
		189A36811B68A7AD0018A936 /* Release */ = {
			isa = XCBuildConfiguration;
			buildSettings = {
				BUNDLE_LOADER = "$(TEST_HOST)";
				FRAMEWORK_SEARCH_PATHS = (
					"$(SDKROOT)/Developer/Library/Frameworks",
					"$(inherited)",
				);
				INFOPLIST_FILE = testAATests/Info.plist;
				LD_RUNPATH_SEARCH_PATHS = "$(inherited) @executable_path/Frameworks @loader_path/Frameworks";
				PRODUCT_NAME = "$(TARGET_NAME)";
				TEST_HOST = "$(BUILT_PRODUCTS_DIR)/testAA.app/testAA";
			};
			name = Release;
		};
/* End XCBuildConfiguration section */

/* Begin XCConfigurationList section */
		189A36541B68A7AD0018A936 /* Build configuration list for PBXProject "testAA" */ = {
			isa = XCConfigurationList;
			buildConfigurations = (
				189A367A1B68A7AD0018A936 /* Debug */,
				189A367B1B68A7AD0018A936 /* Release */,
			);
			defaultConfigurationIsVisible = 0;
			defaultConfigurationName = Release;
		};
		189A367C1B68A7AD0018A936 /* Build configuration list for PBXNativeTarget "testAA" */ = {
			isa = XCConfigurationList;
			buildConfigurations = (
				189A367D1B68A7AD0018A936 /* Debug */,
				189A367E1B68A7AD0018A936 /* Release */,
			);
			defaultConfigurationIsVisible = 0;
			defaultConfigurationName = Release;
		};
		189A367F1B68A7AD0018A936 /* Build configuration list for PBXNativeTarget "testAATests" */ = {
			isa = XCConfigurationList;
			buildConfigurations = (
				189A36801B68A7AD0018A936 /* Debug */,
				189A36811B68A7AD0018A936 /* Release */,
			);
			defaultConfigurationIsVisible = 0;
			defaultConfigurationName = Release;
		};
/* End XCConfigurationList section */
	};
	rootObject = 189A36511B68A7AD0018A936 /* Project object */;
}
